
Microsoft Visual Studio Solution File, Format Version 12.00
# Visual Studio 15
VisualStudioVersion = 15.0.28307.572
MinimumVisualStudioVersion = 10.0.40219.1
Project("{9A19103F-16F7-4668-BE54-9A1E7A4F7556}") = "LevelApp.BLL.Tests", "LevelApp.BLL.Tests\LevelApp.BLL.Tests.csproj", "{8F950C73-5D9D-4FB0-BE49-9281AC5BFA29}"
EndProject
Project("{9A19103F-16F7-4668-BE54-9A1E7A4F7556}") = "LevelApp.DAL.Tests", "LevelApp.DAL.Tests\LevelApp.DAL.Tests.csproj", "{661F974F-41A8-4BCA-8F48-70D3FD8389C6}"
EndProject
Project("{9A19103F-16F7-4668-BE54-9A1E7A4F7556}") = "LevelApp.API", "LevelApp.API\LevelApp.API.csproj", "{A1C4BCD3-594F-4838-9013-259805333FF5}"
EndProject
Project("{FAE04EC0-301F-11D3-BF4B-00C04F79EFBC}") = "LevelApp.BLL", "LevelApp.BLL\LevelApp.BLL.csproj", "{633685A5-8702-4AC1-A42F-BA0331CD6CE7}"
EndProject
Project("{FAE04EC0-301F-11D3-BF4B-00C04F79EFBC}") = "LevelApp.DAL", "LevelApp.DAL\LevelApp.DAL.csproj", "{4D9FC50A-FA5F-48DC-A326-249D3A8BBD52}"
EndProject
Project("{FAE04EC0-301F-11D3-BF4B-00C04F79EFBC}") = "LevelApp.Crosscutting", "LevelApp.Crosscutting\LevelApp.Crosscutting.csproj", "{858B63F8-98BD-4DBA-B2A7-87EC2587317B}"
EndProject
Project("{FAE04EC0-301F-11D3-BF4B-00C04F79EFBC}") = "LevelApp.API.Tests", "LevelApp.API.Tests\LevelApp.API.Tests.csproj", "{02B5A3E4-9637-4D66-8E5F-1437D8E78589}"
EndProject
Global
	GlobalSection(SolutionConfigurationPlatforms) = preSolution
		Debug|Any CPU = Debug|Any CPU
		Release|Any CPU = Release|Any CPU
	EndGlobalSection
	GlobalSection(ProjectConfigurationPlatforms) = postSolution
		{8F950C73-5D9D-4FB0-BE49-9281AC5BFA29}.Debug|Any CPU.ActiveCfg = Debug|Any CPU
		{8F950C73-5D9D-4FB0-BE49-9281AC5BFA29}.Debug|Any CPU.Build.0 = Debug|Any CPU
		{8F950C73-5D9D-4FB0-BE49-9281AC5BFA29}.Release|Any CPU.ActiveCfg = Release|Any CPU
		{8F950C73-5D9D-4FB0-BE49-9281AC5BFA29}.Release|Any CPU.Build.0 = Release|Any CPU
		{661F974F-41A8-4BCA-8F48-70D3FD8389C6}.Debug|Any CPU.ActiveCfg = Debug|Any CPU
		{661F974F-41A8-4BCA-8F48-70D3FD8389C6}.Debug|Any CPU.Build.0 = Debug|Any CPU
		{661F974F-41A8-4BCA-8F48-70D3FD8389C6}.Release|Any CPU.ActiveCfg = Release|Any CPU
		{661F974F-41A8-4BCA-8F48-70D3FD8389C6}.Release|Any CPU.Build.0 = Release|Any CPU
		{A1C4BCD3-594F-4838-9013-259805333FF5}.Debug|Any CPU.ActiveCfg = Debug|Any CPU
		{A1C4BCD3-594F-4838-9013-259805333FF5}.Debug|Any CPU.Build.0 = Debug|Any CPU
		{A1C4BCD3-594F-4838-9013-259805333FF5}.Release|Any CPU.ActiveCfg = Release|Any CPU
		{A1C4BCD3-594F-4838-9013-259805333FF5}.Release|Any CPU.Build.0 = Release|Any CPU
		{633685A5-8702-4AC1-A42F-BA0331CD6CE7}.Debug|Any CPU.ActiveCfg = Debug|Any CPU
		{633685A5-8702-4AC1-A42F-BA0331CD6CE7}.Debug|Any CPU.Build.0 = Debug|Any CPU
		{633685A5-8702-4AC1-A42F-BA0331CD6CE7}.Release|Any CPU.ActiveCfg = Release|Any CPU
		{633685A5-8702-4AC1-A42F-BA0331CD6CE7}.Release|Any CPU.Build.0 = Release|Any CPU
		{4D9FC50A-FA5F-48DC-A326-249D3A8BBD52}.Debug|Any CPU.ActiveCfg = Debug|Any CPU
		{4D9FC50A-FA5F-48DC-A326-249D3A8BBD52}.Debug|Any CPU.Build.0 = Debug|Any CPU
		{4D9FC50A-FA5F-48DC-A326-249D3A8BBD52}.Release|Any CPU.ActiveCfg = Release|Any CPU
		{4D9FC50A-FA5F-48DC-A326-249D3A8BBD52}.Release|Any CPU.Build.0 = Release|Any CPU
		{858B63F8-98BD-4DBA-B2A7-87EC2587317B}.Debug|Any CPU.ActiveCfg = Debug|Any CPU
		{858B63F8-98BD-4DBA-B2A7-87EC2587317B}.Debug|Any CPU.Build.0 = Debug|Any CPU
		{858B63F8-98BD-4DBA-B2A7-87EC2587317B}.Release|Any CPU.ActiveCfg = Release|Any CPU
		{858B63F8-98BD-4DBA-B2A7-87EC2587317B}.Release|Any CPU.Build.0 = Release|Any CPU
		{02B5A3E4-9637-4D66-8E5F-1437D8E78589}.Debug|Any CPU.ActiveCfg = Debug|Any CPU
		{02B5A3E4-9637-4D66-8E5F-1437D8E78589}.Debug|Any CPU.Build.0 = Debug|Any CPU
		{02B5A3E4-9637-4D66-8E5F-1437D8E78589}.Release|Any CPU.ActiveCfg = Release|Any CPU
		{02B5A3E4-9637-4D66-8E5F-1437D8E78589}.Release|Any CPU.Build.0 = Release|Any CPU
	EndGlobalSection
	GlobalSection(SolutionProperties) = preSolution
		HideSolutionNode = FALSE
	EndGlobalSection
	GlobalSection(ExtensibilityGlobals) = postSolution
		SolutionGuid = {74BEE7DE-D067-483C-9B34-8B5471E02150}
	EndGlobalSection
EndGlobal
